
Microsoft Visual Studio Solution File, Format Version 12.00
# Visual Studio Version 16
VisualStudioVersion = 16.0.32228.343
MinimumVisualStudioVersion = 10.0.40219.1
Project("{FAE04EC0-301F-11D3-BF4B-00C04F79EFBC}") = "ProgettoRespa.net", "ProgettoRespa.net\ProgettoRespa.net.csproj", "{8D3D1879-4150-476C-B99C-C245E147801E}"
EndProject
Global
	GlobalSection(SolutionConfigurationPlatforms) = preSolution
		Debug|Any CPU = Debug|Any CPU
		Release|Any CPU = Release|Any CPU
	EndGlobalSection
	GlobalSection(ProjectConfigurationPlatforms) = postSolution
		{8D3D1879-4150-476C-B99C-C245E147801E}.Debug|Any CPU.ActiveCfg = Debug|Any CPU
		{8D3D1879-4150-476C-B99C-C245E147801E}.Debug|Any CPU.Build.0 = Debug|Any CPU
		{8D3D1879-4150-476C-B99C-C245E147801E}.Release|Any CPU.ActiveCfg = Release|Any CPU
		{8D3D1879-4150-476C-B99C-C245E147801E}.Release|Any CPU.Build.0 = Release|Any CPU
	EndGlobalSection
	GlobalSection(SolutionProperties) = preSolution
		HideSolutionNode = FALSE
	EndGlobalSection
	GlobalSection(ExtensibilityGlobals) = postSolution
		SolutionGuid = {155593B8-3C62-4CAA-BED6-FA570F8F8CA7}
	EndGlobalSection
EndGlobal
